
Microsoft Visual Studio Solution File, Format Version 12.00
# Visual Studio Version 17
VisualStudioVersion = 17.8.34525.116
MinimumVisualStudioVersion = 10.0.40219.1
Project("{FAE04EC0-301F-11D3-BF4B-00C04F79EFBC}") = "YazMüh-Taslak", "YazMüh-Taslak\YazMüh-Taslak.csproj", "{8A144C1B-8E7B-475B-9C7C-88E3225D95A2}"
EndProject
Global
	GlobalSection(SolutionConfigurationPlatforms) = preSolution
		Debug|Any CPU = Debug|Any CPU
		Release|Any CPU = Release|Any CPU
	EndGlobalSection
	GlobalSection(ProjectConfigurationPlatforms) = postSolution
		{8A144C1B-8E7B-475B-9C7C-88E3225D95A2}.Debug|Any CPU.ActiveCfg = Debug|Any CPU
		{8A144C1B-8E7B-475B-9C7C-88E3225D95A2}.Debug|Any CPU.Build.0 = Debug|Any CPU
		{8A144C1B-8E7B-475B-9C7C-88E3225D95A2}.Release|Any CPU.ActiveCfg = Release|Any CPU
		{8A144C1B-8E7B-475B-9C7C-88E3225D95A2}.Release|Any CPU.Build.0 = Release|Any CPU
	EndGlobalSection
	GlobalSection(SolutionProperties) = preSolution
		HideSolutionNode = FALSE
	EndGlobalSection
	GlobalSection(ExtensibilityGlobals) = postSolution
		SolutionGuid = {19DD1FD6-9486-4BF9-A428-DBAF9378B97A}
	EndGlobalSection
EndGlobal
